// !$*UTF8*$!
{
	archiveVersion = 1;
	classes = {
	};
	objectVersion = 50;
	objects = {

/* Begin PBXBuildFile section */
		A808538925BFA3BE000AB148 /* ZRoutineApp.swift in Sources */ = {isa = PBXBuildFile; fileRef = A808538825BFA3BE000AB148 /* ZRoutineApp.swift */; };
		A808538B25BFA3BE000AB148 /* ContentView.swift in Sources */ = {isa = PBXBuildFile; fileRef = A808538A25BFA3BE000AB148 /* ContentView.swift */; };
		A808538D25BFA3BF000AB148 /* Assets.xcassets in Resources */ = {isa = PBXBuildFile; fileRef = A808538C25BFA3BF000AB148 /* Assets.xcassets */; };
		A808539025BFA3BF000AB148 /* Preview Assets.xcassets in Resources */ = {isa = PBXBuildFile; fileRef = A808538F25BFA3BF000AB148 /* Preview Assets.xcassets */; };
		A808539225BFA3BF000AB148 /* Persistence.swift in Sources */ = {isa = PBXBuildFile; fileRef = A808539125BFA3BF000AB148 /* Persistence.swift */; };
		A808539525BFA3BF000AB148 /* ZRoutine.xcdatamodeld in Sources */ = {isa = PBXBuildFile; fileRef = A808539325BFA3BF000AB148 /* ZRoutine.xcdatamodeld */; };
/* End PBXBuildFile section */

/* Begin PBXFileReference section */
		A808538525BFA3BE000AB148 /* ZRoutine.app */ = {isa = PBXFileReference; explicitFileType = wrapper.application; includeInIndex = 0; path = ZRoutine.app; sourceTree = BUILT_PRODUCTS_DIR; };
		A808538825BFA3BE000AB148 /* ZRoutineApp.swift */ = {isa = PBXFileReference; lastKnownFileType = sourcecode.swift; path = ZRoutineApp.swift; sourceTree = "<group>"; };
		A808538A25BFA3BE000AB148 /* ContentView.swift */ = {isa = PBXFileReference; lastKnownFileType = sourcecode.swift; path = ContentView.swift; sourceTree = "<group>"; };
		A808538C25BFA3BF000AB148 /* Assets.xcassets */ = {isa = PBXFileReference; lastKnownFileType = folder.assetcatalog; path = Assets.xcassets; sourceTree = "<group>"; };
		A808538F25BFA3BF000AB148 /* Preview Assets.xcassets */ = {isa = PBXFileReference; lastKnownFileType = folder.assetcatalog; path = "Preview Assets.xcassets"; sourceTree = "<group>"; };
		A808539125BFA3BF000AB148 /* Persistence.swift */ = {isa = PBXFileReference; lastKnownFileType = sourcecode.swift; path = Persistence.swift; sourceTree = "<group>"; };
		A808539425BFA3BF000AB148 /* ZRoutine.xcdatamodel */ = {isa = PBXFileReference; lastKnownFileType = wrapper.xcdatamodel; path = ZRoutine.xcdatamodel; sourceTree = "<group>"; };
		A808539625BFA3BF000AB148 /* Info.plist */ = {isa = PBXFileReference; lastKnownFileType = text.plist.xml; path = Info.plist; sourceTree = "<group>"; };
/* End PBXFileReference section */

/* Begin PBXFrameworksBuildPhase section */
		A808538225BFA3BE000AB148 /* Frameworks */ = {
			isa = PBXFrameworksBuildPhase;
			buildActionMask = 2147483647;
			files = (
			);
			runOnlyForDeploymentPostprocessing = 0;
		};
/* End PBXFrameworksBuildPhase section */

/* Begin PBXGroup section */
		A808537C25BFA3BE000AB148 = {
			isa = PBXGroup;
			children = (
				A808538725BFA3BE000AB148 /* ZRoutine */,
				A808538625BFA3BE000AB148 /* Products */,
			);
			sourceTree = "<group>";
		};
		A808538625BFA3BE000AB148 /* Products */ = {
			isa = PBXGroup;
			children = (
				A808538525BFA3BE000AB148 /* ZRoutine.app */,
			);
			name = Products;
			sourceTree = "<group>";
		};
		A808538725BFA3BE000AB148 /* ZRoutine */ = {
			isa = PBXGroup;
			children = (
				A808538825BFA3BE000AB148 /* ZRoutineApp.swift */,
				A808538A25BFA3BE000AB148 /* ContentView.swift */,
				A808538C25BFA3BF000AB148 /* Assets.xcassets */,
				A808539125BFA3BF000AB148 /* Persistence.swift */,
				A808539625BFA3BF000AB148 /* Info.plist */,
				A808539325BFA3BF000AB148 /* ZRoutine.xcdatamodeld */,
				A808538E25BFA3BF000AB148 /* Preview Content */,
			);
			path = ZRoutine;
			sourceTree = "<group>";
		};
		A808538E25BFA3BF000AB148 /* Preview Content */ = {
			isa = PBXGroup;
			children = (
				A808538F25BFA3BF000AB148 /* Preview Assets.xcassets */,
			);
			path = "Preview Content";
			sourceTree = "<group>";
		};
/* End PBXGroup section */

/* Begin PBXNativeTarget section */
		A808538425BFA3BE000AB148 /* ZRoutine */ = {
			isa = PBXNativeTarget;
			buildConfigurationList = A808539925BFA3BF000AB148 /* Build configuration list for PBXNativeTarget "ZRoutine" */;
			buildPhases = (
				A808538125BFA3BE000AB148 /* Sources */,
				A808538225BFA3BE000AB148 /* Frameworks */,
				A808538325BFA3BE000AB148 /* Resources */,
			);
			buildRules = (
			);
			dependencies = (
			);
			name = ZRoutine;
			productName = ZRoutine;
			productReference = A808538525BFA3BE000AB148 /* ZRoutine.app */;
			productType = "com.apple.product-type.application";
		};
/* End PBXNativeTarget section */

/* Begin PBXProject section */
		A808537D25BFA3BE000AB148 /* Project object */ = {
			isa = PBXProject;
			attributes = {
				LastSwiftUpdateCheck = 1230;
				LastUpgradeCheck = 1230;
				TargetAttributes = {
					A808538425BFA3BE000AB148 = {
						CreatedOnToolsVersion = 12.3;
					};
				};
			};
			buildConfigurationList = A808538025BFA3BE000AB148 /* Build configuration list for PBXProject "ZRoutine" */;
			compatibilityVersion = "Xcode 9.3";
			developmentRegion = en;
			hasScannedForEncodings = 0;
			knownRegions = (
				en,
				Base,
			);
			mainGroup = A808537C25BFA3BE000AB148;
			productRefGroup = A808538625BFA3BE000AB148 /* Products */;
			projectDirPath = "";
			projectRoot = "";
			targets = (
				A808538425BFA3BE000AB148 /* ZRoutine */,
			);
		};
/* End PBXProject section */

/* Begin PBXResourcesBuildPhase section */
		A808538325BFA3BE000AB148 /* Resources */ = {
			isa = PBXResourcesBuildPhase;
			buildActionMask = 2147483647;
			files = (
				A808539025BFA3BF000AB148 /* Preview Assets.xcassets in Resources */,
				A808538D25BFA3BF000AB148 /* Assets.xcassets in Resources */,
			);
			runOnlyForDeploymentPostprocessing = 0;
		};
/* End PBXResourcesBuildPhase section */

/* Begin PBXSourcesBuildPhase section */
		A808538125BFA3BE000AB148 /* Sources */ = {
			isa = PBXSourcesBuildPhase;
			buildActionMask = 2147483647;
			files = (
				A808539225BFA3BF000AB148 /* Persistence.swift in Sources */,
				A808539525BFA3BF000AB148 /* ZRoutine.xcdatamodeld in Sources */,
				A808538B25BFA3BE000AB148 /* ContentView.swift in Sources */,
				A808538925BFA3BE000AB148 /* ZRoutineApp.swift in Sources */,
			);
			runOnlyForDeploymentPostprocessing = 0;
		};
/* End PBXSourcesBuildPhase section */

/* Begin XCBuildConfiguration section */
		A808539725BFA3BF000AB148 /* Debug */ = {
			isa = XCBuildConfiguration;
			buildSettings = {
				ALWAYS_SEARCH_USER_PATHS = NO;
				CLANG_ANALYZER_NONNULL = YES;
				CLANG_ANALYZER_NUMBER_OBJECT_CONVERSION = YES_AGGRESSIVE;
				CLANG_CXX_LANGUAGE_STANDARD = "gnu++14";
				CLANG_CXX_LIBRARY = "libc++";
				CLANG_ENABLE_MODULES = YES;
				CLANG_ENABLE_OBJC_ARC = YES;
				CLANG_ENABLE_OBJC_WEAK = YES;
				CLANG_WARN_BLOCK_CAPTURE_AUTORELEASING = YES;
				CLANG_WARN_BOOL_CONVERSION = YES;
				CLANG_WARN_COMMA = YES;
				CLANG_WARN_CONSTANT_CONVERSION = YES;
				CLANG_WARN_DEPRECATED_OBJC_IMPLEMENTATIONS = YES;
				CLANG_WARN_DIRECT_OBJC_ISA_USAGE = YES_ERROR;
				CLANG_WARN_DOCUMENTATION_COMMENTS = YES;
				CLANG_WARN_EMPTY_BODY = YES;
				CLANG_WARN_ENUM_CONVERSION = YES;
				CLANG_WARN_INFINITE_RECURSION = YES;
				CLANG_WARN_INT_CONVERSION = YES;
				CLANG_WARN_NON_LITERAL_NULL_CONVERSION = YES;
				CLANG_WARN_OBJC_IMPLICIT_RETAIN_SELF = YES;
				CLANG_WARN_OBJC_LITERAL_CONVERSION = YES;
				CLANG_WARN_OBJC_ROOT_CLASS = YES_ERROR;
				CLANG_WARN_QUOTED_INCLUDE_IN_FRAMEWORK_HEADER = YES;
				CLANG_WARN_RANGE_LOOP_ANALYSIS = YES;
				CLANG_WARN_STRICT_PROTOTYPES = YES;
				CLANG_WARN_SUSPICIOUS_MOVE = YES;
				CLANG_WARN_UNGUARDED_AVAILABILITY = YES_AGGRESSIVE;
				CLANG_WARN_UNREACHABLE_CODE = YES;
				CLANG_WARN__DUPLICATE_METHOD_MATCH = YES;
				COPY_PHASE_STRIP = NO;
				DEBUG_INFORMATION_FORMAT = dwarf;
				ENABLE_STRICT_OBJC_MSGSEND = YES;
				ENABLE_TESTABILITY = YES;
				GCC_C_LANGUAGE_STANDARD = gnu11;
				GCC_DYNAMIC_NO_PIC = NO;
				GCC_NO_COMMON_BLOCKS = YES;
				GCC_OPTIMIZATION_LEVEL = 0;
				GCC_PREPROCESSOR_DEFINITIONS = (
					"DEBUG=1",
					"$(inherited)",
				);
				GCC_WARN_64_TO_32_BIT_CONVERSION = YES;
				GCC_WARN_ABOUT_RETURN_TYPE = YES_ERROR;
				GCC_WARN_UNDECLARED_SELECTOR = YES;
				GCC_WARN_UNINITIALIZED_AUTOS = YES_AGGRESSIVE;
				GCC_WARN_UNUSED_FUNCTION = YES;
				GCC_WARN_UNUSED_VARIABLE = YES;
				IPHONEOS_DEPLOYMENT_TARGET = 14.3;
				MTL_ENABLE_DEBUG_INFO = INCLUDE_SOURCE;
				MTL_FAST_MATH = YES;
				ONLY_ACTIVE_ARCH = YES;
				SDKROOT = iphoneos;
				SWIFT_ACTIVE_COMPILATION_CONDITIONS = DEBUG;
				SWIFT_OPTIMIZATION_LEVEL = "-Onone";
			};
			name = Debug;
		};
		A808539825BFA3BF000AB148 /* Release */ = {
			isa = XCBuildConfiguration;
			buildSettings = {
				ALWAYS_SEARCH_USER_PATHS = NO;
				CLANG_ANALYZER_NONNULL = YES;
				CLANG_ANALYZER_NUMBER_OBJECT_CONVERSION = YES_AGGRESSIVE;
				CLANG_CXX_LANGUAGE_STANDARD = "gnu++14";
				CLANG_CXX_LIBRARY = "libc++";
				CLANG_ENABLE_MODULES = YES;
				CLANG_ENABLE_OBJC_ARC = YES;
				CLANG_ENABLE_OBJC_WEAK = YES;
				CLANG_WARN_BLOCK_CAPTURE_AUTORELEASING = YES;
				CLANG_WARN_BOOL_CONVERSION = YES;
				CLANG_WARN_COMMA = YES;
				CLANG_WARN_CONSTANT_CONVERSION = YES;
				CLANG_WARN_DEPRECATED_OBJC_IMPLEMENTATIONS = YES;
				CLANG_WARN_DIRECT_OBJC_ISA_USAGE = YES_ERROR;
				CLANG_WARN_DOCUMENTATION_COMMENTS = YES;
				CLANG_WARN_EMPTY_BODY = YES;
				CLANG_WARN_ENUM_CONVERSION = YES;
				CLANG_WARN_INFINITE_RECURSION = YES;
				CLANG_WARN_INT_CONVERSION = YES;
				CLANG_WARN_NON_LITERAL_NULL_CONVERSION = YES;
				CLANG_WARN_OBJC_IMPLICIT_RETAIN_SELF = YES;
				CLANG_WARN_OBJC_LITERAL_CONVERSION = YES;
				CLANG_WARN_OBJC_ROOT_CLASS = YES_ERROR;
				CLANG_WARN_QUOTED_INCLUDE_IN_FRAMEWORK_HEADER = YES;
				CLANG_WARN_RANGE_LOOP_ANALYSIS = YES;
				CLANG_WARN_STRICT_PROTOTYPES = YES;
				CLANG_WARN_SUSPICIOUS_MOVE = YES;
				CLANG_WARN_UNGUARDED_AVAILABILITY = YES_AGGRESSIVE;
				CLANG_WARN_UNREACHABLE_CODE = YES;
				CLANG_WARN__DUPLICATE_METHOD_MATCH = YES;
				COPY_PHASE_STRIP = NO;
				DEBUG_INFORMATION_FORMAT = "dwarf-with-dsym";
				ENABLE_NS_ASSERTIONS = NO;
				ENABLE_STRICT_OBJC_MSGSEND = YES;
				GCC_C_LANGUAGE_STANDARD = gnu11;
				GCC_NO_COMMON_BLOCKS = YES;
				GCC_WARN_64_TO_32_BIT_CONVERSION = YES;
				GCC_WARN_ABOUT_RETURN_TYPE = YES_ERROR;
				GCC_WARN_UNDECLARED_SELECTOR = YES;
				GCC_WARN_UNINITIALIZED_AUTOS = YES_AGGRESSIVE;
				GCC_WARN_UNUSED_FUNCTION = YES;
				GCC_WARN_UNUSED_VARIABLE = YES;
				IPHONEOS_DEPLOYMENT_TARGET = 14.3;
				MTL_ENABLE_DEBUG_INFO = NO;
				MTL_FAST_MATH = YES;
				SDKROOT = iphoneos;
				SWIFT_COMPILATION_MODE = wholemodule;
				SWIFT_OPTIMIZATION_LEVEL = "-O";
				VALIDATE_PRODUCT = YES;
			};
			name = Release;
		};
		A808539A25BFA3BF000AB148 /* Debug */ = {
			isa = XCBuildConfiguration;
			buildSettings = {
				ASSETCATALOG_COMPILER_APPICON_NAME = AppIcon;
				ASSETCATALOG_COMPILER_GLOBAL_ACCENT_COLOR_NAME = AccentColor;
				CODE_SIGN_STYLE = Automatic;
				DEVELOPMENT_ASSET_PATHS = "\"ZRoutine/Preview Content\"";
				DEVELOPMENT_TEAM = HNSLS8XNV6;
				ENABLE_PREVIEWS = YES;
				INFOPLIST_FILE = ZRoutine/Info.plist;
				IPHONEOS_DEPLOYMENT_TARGET = 14.0;
				LD_RUNPATH_SEARCH_PATHS = (
					"$(inherited)",
					"@executable_path/Frameworks",
				);
				PRODUCT_BUNDLE_IDENTIFIER = edu.harvard.cs50.ZRoutine;
				PRODUCT_NAME = "$(TARGET_NAME)";
				SWIFT_VERSION = 5.0;
				TARGETED_DEVICE_FAMILY = "1,2";
			};
			name = Debug;
		};
		A808539B25BFA3BF000AB148 /* Release */ = {
			isa = XCBuildConfiguration;
			buildSettings = {
				ASSETCATALOG_COMPILER_APPICON_NAME = AppIcon;
				ASSETCATALOG_COMPILER_GLOBAL_ACCENT_COLOR_NAME = AccentColor;
				CODE_SIGN_STYLE = Automatic;
				DEVELOPMENT_ASSET_PATHS = "\"ZRoutine/Preview Content\"";
				DEVELOPMENT_TEAM = HNSLS8XNV6;
				ENABLE_PREVIEWS = YES;
				INFOPLIST_FILE = ZRoutine/Info.plist;
				IPHONEOS_DEPLOYMENT_TARGET = 14.0;
				LD_RUNPATH_SEARCH_PATHS = (
					"$(inherited)",
					"@executable_path/Frameworks",
				);
				PRODUCT_BUNDLE_IDENTIFIER = edu.harvard.cs50.ZRoutine;
				PRODUCT_NAME = "$(TARGET_NAME)";
				SWIFT_VERSION = 5.0;
				TARGETED_DEVICE_FAMILY = "1,2";
			};
			name = Release;
		};
/* End XCBuildConfiguration section */

/* Begin XCConfigurationList section */
		A808538025BFA3BE000AB148 /* Build configuration list for PBXProject "ZRoutine" */ = {
			isa = XCConfigurationList;
			buildConfigurations = (
				A808539725BFA3BF000AB148 /* Debug */,
				A808539825BFA3BF000AB148 /* Release */,
			);
			defaultConfigurationIsVisible = 0;
			defaultConfigurationName = Release;
		};
		A808539925BFA3BF000AB148 /* Build configuration list for PBXNativeTarget "ZRoutine" */ = {
			isa = XCConfigurationList;
			buildConfigurations = (
				A808539A25BFA3BF000AB148 /* Debug */,
				A808539B25BFA3BF000AB148 /* Release */,
			);
			defaultConfigurationIsVisible = 0;
			defaultConfigurationName = Release;
		};
/* End XCConfigurationList section */

/* Begin XCVersionGroup section */
		A808539325BFA3BF000AB148 /* ZRoutine.xcdatamodeld */ = {
			isa = XCVersionGroup;
			children = (
				A808539425BFA3BF000AB148 /* ZRoutine.xcdatamodel */,
			);
			currentVersion = A808539425BFA3BF000AB148 /* ZRoutine.xcdatamodel */;
			path = ZRoutine.xcdatamodeld;
			sourceTree = "<group>";
			versionGroupType = wrapper.xcdatamodel;
		};
/* End XCVersionGroup section */
	};
	rootObject = A808537D25BFA3BE000AB148 /* Project object */;
}
